{
  "name": "ts-pattern-examples",
  "version": "1.0.0",
  "lockfileVersion": 2,
  "requires": true,
  "packages": {
    "": {
      "name": "ts-pattern-examples",
      "version": "1.0.0",
      "dependencies": {
        "ts-pattern": "^5.0.0-rc.1"
      }
    },
    "node_modules/ts-pattern": {
      "version": "5.0.0-rc.1",
      "resolved": "https://registry.npmjs.org/ts-pattern/-/ts-pattern-5.0.0-rc.1.tgz",
      "integrity": "sha512-Wb0s2expqr36hUiWZX2PD3FTEqNfsHpmb7W/D3a+rH9vV2oH5QABqJIcHXNsboa3UqOy6IGEdPe3NkNOEMIr/A=="
    }
  },
  "dependencies": {
    "ts-pattern": {
      "version": "5.0.0-rc.1",
      "resolved": "https://registry.npmjs.org/ts-pattern/-/ts-pattern-5.0.0-rc.1.tgz",
      "integrity": "sha512-Wb0s2expqr36hUiWZX2PD3FTEqNfsHpmb7W/D3a+rH9vV2oH5QABqJIcHXNsboa3UqOy6IGEdPe3NkNOEMIr/A=="
    }
  }
}
