{
  "name": "ts-pattern-examples",
  "version": "1.0.0",
  "lockfileVersion": 2,
  "requires": true,
  "packages": {
    "": {
      "name": "ts-pattern-examples",
      "version": "1.0.0",
      "license": "ISC",
      "dependencies": {
        "ts-pattern": "^4.0.1"
      }
    },
    "node_modules/ts-pattern": {
      "version": "4.0.1",
      "resolved": "https://registry.npmjs.org/ts-pattern/-/ts-pattern-4.0.1.tgz",
      "integrity": "sha512-UaEFiG0xvCAa0tXBi242rD2WU28RlurzQe27t7vc2+3difhtA58Q6BiFl3YQbDlDiWfantdP05YICJPpGo/ulg=="
    }
  },
  "dependencies": {
    "ts-pattern": {
      "version": "4.0.1",
      "resolved": "https://registry.npmjs.org/ts-pattern/-/ts-pattern-4.0.1.tgz",
      "integrity": "sha512-UaEFiG0xvCAa0tXBi242rD2WU28RlurzQe27t7vc2+3difhtA58Q6BiFl3YQbDlDiWfantdP05YICJPpGo/ulg=="
    }
  }
}
