{
  "name": "ts-pattern-examples",
  "version": "1.0.0",
  "lockfileVersion": 2,
  "requires": true,
  "packages": {
    "": {
      "name": "ts-pattern-examples",
      "version": "1.0.0",
      "dependencies": {
        "ts-pattern": "^5.0.0"
      }
    },
    "node_modules/ts-pattern": {
      "version": "5.0.0",
      "resolved": "https://registry.npmjs.org/ts-pattern/-/ts-pattern-5.0.0.tgz",
      "integrity": "sha512-FDTdTujq2GvMmrwYM0Om6pMilRAUKvBApEN+YniTQui/HGjFwaI6WAx9SepD+yDBf4q29JLf6yqGB8uvdzysEg=="
    }
  },
  "dependencies": {
    "ts-pattern": {
      "version": "5.0.0",
      "resolved": "https://registry.npmjs.org/ts-pattern/-/ts-pattern-5.0.0.tgz",
      "integrity": "sha512-FDTdTujq2GvMmrwYM0Om6pMilRAUKvBApEN+YniTQui/HGjFwaI6WAx9SepD+yDBf4q29JLf6yqGB8uvdzysEg=="
    }
  }
}
