{
  "name": "ts-pattern-benchmarks",
  "version": "1.0.0",
  "lockfileVersion": 3,
  "requires": true,
  "packages": {
    "": {
      "name": "ts-pattern-benchmarks",
      "version": "1.0.0",
      "license": "ISC",
      "devDependencies": {
        "benny": "^3.7.1",
        "bun": "^1.1.30",
        "ts-pattern": "^5.0.5"
      }
    },
    "node_modules/@arrows/array": {
      "version": "1.4.1",
      "resolved": "https://registry.npmjs.org/@arrows/array/-/array-1.4.1.tgz",
      "integrity": "sha512-MGYS8xi3c4tTy1ivhrVntFvufoNzje0PchjEz6G/SsWRgUKxL4tKwS6iPdO8vsaJYldagAeWMd5KRD0aX3Q39g==",
      "dev": true,
      "dependencies": {
        "@arrows/composition": "^1.2.2"
      }
    },
    "node_modules/@arrows/composition": {
      "version": "1.2.2",
      "resolved": "https://registry.npmjs.org/@arrows/composition/-/composition-1.2.2.tgz",
      "integrity": "sha512-9fh1yHwrx32lundiB3SlZ/VwuStPB4QakPsSLrGJFH6rCXvdrd060ivAZ7/2vlqPnEjBkPRRXOcG1YOu19p2GQ==",
      "dev": true
    },
    "node_modules/@arrows/dispatch": {
      "version": "1.0.3",
      "resolved": "https://registry.npmjs.org/@arrows/dispatch/-/dispatch-1.0.3.tgz",
      "integrity": "sha512-v/HwvrFonitYZM2PmBlAlCqVqxrkIIoiEuy5bQgn0BdfvlL0ooSBzcPzTMrtzY8eYktPyYcHg8fLbSgyybXEqw==",
      "dev": true,
      "dependencies": {
        "@arrows/composition": "^1.2.2"
      }
    },
    "node_modules/@arrows/error": {
      "version": "1.0.2",
      "resolved": "https://registry.npmjs.org/@arrows/error/-/error-1.0.2.tgz",
      "integrity": "sha512-yvkiv1ay4Z3+Z6oQsUkedsQm5aFdyPpkBUQs8vejazU/RmANABx6bMMcBPPHI4aW43VPQmXFfBzr/4FExwWTEA==",
      "dev": true
    },
    "node_modules/@arrows/multimethod": {
      "version": "1.4.1",
      "resolved": "https://registry.npmjs.org/@arrows/multimethod/-/multimethod-1.4.1.tgz",
      "integrity": "sha512-AZnAay0dgPnCJxn3We5uKiB88VL+1ZIF2SjZohLj6vqY2UyvB/sKdDnFP+LZNVsTC5lcnGPmLlRRkAh4sXkXsQ==",
      "dev": true,
      "dependencies": {
        "@arrows/array": "^1.4.1",
        "@arrows/composition": "^1.2.2",
        "@arrows/error": "^1.0.2",
        "fast-deep-equal": "^3.1.3"
      }
    },
    "node_modules/@oven/bun-darwin-aarch64": {
      "version": "1.1.30",
      "resolved": "https://registry.npmjs.org/@oven/bun-darwin-aarch64/-/bun-darwin-aarch64-1.1.30.tgz",
      "integrity": "sha512-D07QioP+QXlouvIqQIS+7r2zq4lTNd6he79rhKsRQRZGFf9i3NPu87zspUpCaFEu//DZ35DYTt+5anQpAzpoxA==",
      "cpu": [
        "arm64"
      ],
      "dev": true,
      "optional": true,
      "os": [
        "darwin"
      ]
    },
    "node_modules/@oven/bun-darwin-x64": {
      "version": "1.1.30",
      "resolved": "https://registry.npmjs.org/@oven/bun-darwin-x64/-/bun-darwin-x64-1.1.30.tgz",
      "integrity": "sha512-xZ4gTehS6QwN6bsJfDycCNneKoUMaFUQhQg24bJzXS4JPDxeKg1W7PS5AE+U9apz5Dx6//+D4RwVpAPG2LXt0w==",
      "cpu": [
        "x64"
      ],
      "dev": true,
      "optional": true,
      "os": [
        "darwin"
      ]
    },
    "node_modules/@oven/bun-darwin-x64-baseline": {
      "version": "1.1.30",
      "resolved": "https://registry.npmjs.org/@oven/bun-darwin-x64-baseline/-/bun-darwin-x64-baseline-1.1.30.tgz",
      "integrity": "sha512-1kFUCxHx7WuEbLDmqm0m2UKBd3S4Ln6qKQ4gxU4umMLFkmvDJn6PszDruFInxGKFLoTAmbXNYNVWkkG/ekt/Lg==",
      "cpu": [
        "x64"
      ],
      "dev": true,
      "optional": true,
      "os": [
        "darwin"
      ]
    },
    "node_modules/@oven/bun-linux-aarch64": {
      "version": "1.1.30",
      "resolved": "https://registry.npmjs.org/@oven/bun-linux-aarch64/-/bun-linux-aarch64-1.1.30.tgz",
      "integrity": "sha512-SfHHLlph6fptDXyyChcUkeDbEZr2ww1p2BucV6OrvzwTOPi8pVmXA4360YT8ggR/3AHPp4GO36VaD+FU2Ocbxw==",
      "cpu": [
        "arm64"
      ],
      "dev": true,
      "optional": true,
      "os": [
        "linux"
      ]
    },
    "node_modules/@oven/bun-linux-x64": {
      "version": "1.1.30",
      "resolved": "https://registry.npmjs.org/@oven/bun-linux-x64/-/bun-linux-x64-1.1.30.tgz",
      "integrity": "sha512-1mC39jQSaECytEKAZdCZmv3ZreMsp7aoxnBwmJtVd2Z7urnw17PKi4dKkZd/R+AubsNYtXtW4jeM8SEa5sUJRw==",
      "cpu": [
        "x64"
      ],
      "dev": true,
      "optional": true,
      "os": [
        "linux"
      ]
    },
    "node_modules/@oven/bun-linux-x64-baseline": {
      "version": "1.1.30",
      "resolved": "https://registry.npmjs.org/@oven/bun-linux-x64-baseline/-/bun-linux-x64-baseline-1.1.30.tgz",
      "integrity": "sha512-/b/VuNOaAYmsVk9MvfwKcCYARJPUg78hebxNyD5DSajAf3dqtUSnf7QYcq/3mxWH++N+gM7uRTrGksGS63+ZUw==",
      "cpu": [
        "x64"
      ],
      "dev": true,
      "optional": true,
      "os": [
        "linux"
      ]
    },
    "node_modules/@oven/bun-windows-x64": {
      "version": "1.1.30",
      "resolved": "https://registry.npmjs.org/@oven/bun-windows-x64/-/bun-windows-x64-1.1.30.tgz",
      "integrity": "sha512-mdRjNtD9NIA8CiH6N1zrIVE6oAtDko/c29H1s00UA+5O/WhXhg95G8IyInD8hN3vAEz8H2lGBgLG2EGfSFxnGg==",
      "cpu": [
        "x64"
      ],
      "dev": true,
      "optional": true,
      "os": [
        "win32"
      ]
    },
    "node_modules/@oven/bun-windows-x64-baseline": {
      "version": "1.1.30",
      "resolved": "https://registry.npmjs.org/@oven/bun-windows-x64-baseline/-/bun-windows-x64-baseline-1.1.30.tgz",
      "integrity": "sha512-ERQ4/ogzbFvHjpyHcnruc8bnryvDvUoiWi6vczfQ4M/idJc+Kg5VSEJiF5k7946rIZGamG6QWgRxtpIglD4/Zw==",
      "cpu": [
        "x64"
      ],
      "dev": true,
      "optional": true,
      "os": [
        "win32"
      ]
    },
    "node_modules/ansi-escapes": {
      "version": "4.3.2",
      "resolved": "https://registry.npmjs.org/ansi-escapes/-/ansi-escapes-4.3.2.tgz",
      "integrity": "sha512-gKXj5ALrKWQLsYG9jlTRmR/xKluxHV+Z9QEwNIgCfM1/uwPMCuzVVnh5mwTd+OuBZcwSIMbqssNWRm1lE51QaQ==",
      "dev": true,
      "dependencies": {
        "type-fest": "^0.21.3"
      },
      "engines": {
        "node": ">=8"
      },
      "funding": {
        "url": "https://github.com/sponsors/sindresorhus"
      }
    },
    "node_modules/ansi-regex": {
      "version": "5.0.1",
      "resolved": "https://registry.npmjs.org/ansi-regex/-/ansi-regex-5.0.1.tgz",
      "integrity": "sha512-quJQXlTSUGL2LH9SUXo8VwsY4soanhgo6LNSm84E1LBcE8s3O0wpdiRzyR9z/ZZJMlMWv37qOOb9pdJlMUEKFQ==",
      "dev": true,
      "engines": {
        "node": ">=8"
      }
    },
    "node_modules/ansi-styles": {
      "version": "4.3.0",
      "resolved": "https://registry.npmjs.org/ansi-styles/-/ansi-styles-4.3.0.tgz",
      "integrity": "sha512-zbB9rCJAT1rbjiVDb2hqKFHNYLxgtk8NURxZ3IZwD3F6NtxbXZQCnnSi1Lkx+IDohdPlFp222wVALIheZJQSEg==",
      "dev": true,
      "dependencies": {
        "color-convert": "^2.0.1"
      },
      "engines": {
        "node": ">=8"
      },
      "funding": {
        "url": "https://github.com/chalk/ansi-styles?sponsor=1"
      }
    },
    "node_modules/astral-regex": {
      "version": "2.0.0",
      "resolved": "https://registry.npmjs.org/astral-regex/-/astral-regex-2.0.0.tgz",
      "integrity": "sha512-Z7tMw1ytTXt5jqMcOP+OQteU1VuNK9Y02uuJtKQ1Sv69jXQKKg5cibLwGJow8yzZP+eAc18EmLGPal0bp36rvQ==",
      "dev": true,
      "engines": {
        "node": ">=8"
      }
    },
    "node_modules/benchmark": {
      "version": "2.1.4",
      "resolved": "https://registry.npmjs.org/benchmark/-/benchmark-2.1.4.tgz",
      "integrity": "sha512-l9MlfN4M1K/H2fbhfMy3B7vJd6AGKJVQn2h6Sg/Yx+KckoUA7ewS5Vv6TjSq18ooE1kS9hhAlQRH3AkXIh/aOQ==",
      "dev": true,
      "dependencies": {
        "lodash": "^4.17.4",
        "platform": "^1.3.3"
      }
    },
    "node_modules/benny": {
      "version": "3.7.1",
      "resolved": "https://registry.npmjs.org/benny/-/benny-3.7.1.tgz",
      "integrity": "sha512-USzYxODdVfOS7JuQq/L0naxB788dWCiUgUTxvN+WLPt/JfcDURNNj8kN/N+uK6PDvuR67/9/55cVKGPleFQINA==",
      "dev": true,
      "dependencies": {
        "@arrows/composition": "^1.0.0",
        "@arrows/dispatch": "^1.0.2",
        "@arrows/multimethod": "^1.1.6",
        "benchmark": "^2.1.4",
        "common-tags": "^1.8.0",
        "fs-extra": "^10.0.0",
        "json2csv": "^5.0.6",
        "kleur": "^4.1.4",
        "log-update": "^4.0.0"
      },
      "engines": {
        "node": ">=12"
      }
    },
    "node_modules/bun": {
      "version": "1.1.30",
      "resolved": "https://registry.npmjs.org/bun/-/bun-1.1.30.tgz",
      "integrity": "sha512-ysRL1pq10Xba0jqVLPrKU3YIv0ohfp3cTajCPtpjCyppbn3lfiAVNpGoHfyaxS17OlPmWmR67UZRPw/EueQuug==",
      "cpu": [
        "arm64",
        "x64"
      ],
      "dev": true,
      "hasInstallScript": true,
      "os": [
        "darwin",
        "linux",
        "win32"
      ],
      "bin": {
        "bun": "bin/bun.exe",
        "bunx": "bin/bun.exe"
      },
      "optionalDependencies": {
        "@oven/bun-darwin-aarch64": "1.1.30",
        "@oven/bun-darwin-x64": "1.1.30",
        "@oven/bun-darwin-x64-baseline": "1.1.30",
        "@oven/bun-linux-aarch64": "1.1.30",
        "@oven/bun-linux-x64": "1.1.30",
        "@oven/bun-linux-x64-baseline": "1.1.30",
        "@oven/bun-windows-x64": "1.1.30",
        "@oven/bun-windows-x64-baseline": "1.1.30"
      }
    },
    "node_modules/cli-cursor": {
      "version": "3.1.0",
      "resolved": "https://registry.npmjs.org/cli-cursor/-/cli-cursor-3.1.0.tgz",
      "integrity": "sha512-I/zHAwsKf9FqGoXM4WWRACob9+SNukZTd94DWF57E4toouRulbCxcUh6RKUEOQlYTHJnzkPMySvPNaaSLNfLZw==",
      "dev": true,
      "dependencies": {
        "restore-cursor": "^3.1.0"
      },
      "engines": {
        "node": ">=8"
      }
    },
    "node_modules/color-convert": {
      "version": "2.0.1",
      "resolved": "https://registry.npmjs.org/color-convert/-/color-convert-2.0.1.tgz",
      "integrity": "sha512-RRECPsj7iu/xb5oKYcsFHSppFNnsj/52OVTRKb4zP5onXwVF3zVmmToNcOfGC+CRDpfK/U584fMg38ZHCaElKQ==",
      "dev": true,
      "dependencies": {
        "color-name": "~1.1.4"
      },
      "engines": {
        "node": ">=7.0.0"
      }
    },
    "node_modules/color-name": {
      "version": "1.1.4",
      "resolved": "https://registry.npmjs.org/color-name/-/color-name-1.1.4.tgz",
      "integrity": "sha512-dOy+3AuW3a2wNbZHIuMZpTcgjGuLU/uBL/ubcZF9OXbDo8ff4O8yVp5Bf0efS8uEoYo5q4Fx7dY9OgQGXgAsQA==",
      "dev": true
    },
    "node_modules/commander": {
      "version": "6.2.1",
      "resolved": "https://registry.npmjs.org/commander/-/commander-6.2.1.tgz",
      "integrity": "sha512-U7VdrJFnJgo4xjrHpTzu0yrHPGImdsmD95ZlgYSEajAn2JKzDhDTPG9kBTefmObL2w/ngeZnilk+OV9CG3d7UA==",
      "dev": true,
      "engines": {
        "node": ">= 6"
      }
    },
    "node_modules/common-tags": {
      "version": "1.8.2",
      "resolved": "https://registry.npmjs.org/common-tags/-/common-tags-1.8.2.tgz",
      "integrity": "sha512-gk/Z852D2Wtb//0I+kRFNKKE9dIIVirjoqPoA1wJU+XePVXZfGeBpk45+A1rKO4Q43prqWBNY/MiIeRLbPWUaA==",
      "dev": true,
      "engines": {
        "node": ">=4.0.0"
      }
    },
    "node_modules/emoji-regex": {
      "version": "8.0.0",
      "resolved": "https://registry.npmjs.org/emoji-regex/-/emoji-regex-8.0.0.tgz",
      "integrity": "sha512-MSjYzcWNOA0ewAHpz0MxpYFvwg6yjy1NG3xteoqz644VCo/RPgnr1/GGt+ic3iJTzQ8Eu3TdM14SawnVUmGE6A==",
      "dev": true
    },
    "node_modules/fast-deep-equal": {
      "version": "3.1.3",
      "resolved": "https://registry.npmjs.org/fast-deep-equal/-/fast-deep-equal-3.1.3.tgz",
      "integrity": "sha512-f3qQ9oQy9j2AhBe/H9VC91wLmKBCCU/gDOnKNAYG5hswO7BLKj09Hc5HYNz9cGI++xlpDCIgDaitVs03ATR84Q==",
      "dev": true
    },
    "node_modules/fs-extra": {
      "version": "10.1.0",
      "resolved": "https://registry.npmjs.org/fs-extra/-/fs-extra-10.1.0.tgz",
      "integrity": "sha512-oRXApq54ETRj4eMiFzGnHWGy+zo5raudjuxN0b8H7s/RU2oW0Wvsx9O0ACRN/kRq9E8Vu/ReskGB5o3ji+FzHQ==",
      "dev": true,
      "dependencies": {
        "graceful-fs": "^4.2.0",
        "jsonfile": "^6.0.1",
        "universalify": "^2.0.0"
      },
      "engines": {
        "node": ">=12"
      }
    },
    "node_modules/graceful-fs": {
      "version": "4.2.11",
      "resolved": "https://registry.npmjs.org/graceful-fs/-/graceful-fs-4.2.11.tgz",
      "integrity": "sha512-RbJ5/jmFcNNCcDV5o9eTnBLJ/HszWV0P73bc+Ff4nS/rJj+YaS6IGyiOL0VoBYX+l1Wrl3k63h/KrH+nhJ0XvQ==",
      "dev": true
    },
    "node_modules/is-fullwidth-code-point": {
      "version": "3.0.0",
      "resolved": "https://registry.npmjs.org/is-fullwidth-code-point/-/is-fullwidth-code-point-3.0.0.tgz",
      "integrity": "sha512-zymm5+u+sCsSWyD9qNaejV3DFvhCKclKdizYaJUuHA83RLjb7nSuGnddCHGv0hk+KY7BMAlsWeK4Ueg6EV6XQg==",
      "dev": true,
      "engines": {
        "node": ">=8"
      }
    },
    "node_modules/json2csv": {
      "version": "5.0.7",
      "resolved": "https://registry.npmjs.org/json2csv/-/json2csv-5.0.7.tgz",
      "integrity": "sha512-YRZbUnyaJZLZUJSRi2G/MqahCyRv9n/ds+4oIetjDF3jWQA7AG7iSeKTiZiCNqtMZM7HDyt0e/W6lEnoGEmMGA==",
      "deprecated": "Package no longer supported. Contact Support at https://www.npmjs.com/support for more info.",
      "dev": true,
      "dependencies": {
        "commander": "^6.1.0",
        "jsonparse": "^1.3.1",
        "lodash.get": "^4.4.2"
      },
      "bin": {
        "json2csv": "bin/json2csv.js"
      },
      "engines": {
        "node": ">= 10",
        "npm": ">= 6.13.0"
      }
    },
    "node_modules/jsonfile": {
      "version": "6.1.0",
      "resolved": "https://registry.npmjs.org/jsonfile/-/jsonfile-6.1.0.tgz",
      "integrity": "sha512-5dgndWOriYSm5cnYaJNhalLNDKOqFwyDB/rr1E9ZsGciGvKPs8R2xYGCacuf3z6K1YKDz182fd+fY3cn3pMqXQ==",
      "dev": true,
      "dependencies": {
        "universalify": "^2.0.0"
      },
      "optionalDependencies": {
        "graceful-fs": "^4.1.6"
      }
    },
    "node_modules/jsonparse": {
      "version": "1.3.1",
      "resolved": "https://registry.npmjs.org/jsonparse/-/jsonparse-1.3.1.tgz",
      "integrity": "sha512-POQXvpdL69+CluYsillJ7SUhKvytYjW9vG/GKpnf+xP8UWgYEM/RaMzHHofbALDiKbbP1W8UEYmgGl39WkPZsg==",
      "dev": true,
      "engines": [
        "node >= 0.2.0"
      ]
    },
    "node_modules/kleur": {
      "version": "4.1.5",
      "resolved": "https://registry.npmjs.org/kleur/-/kleur-4.1.5.tgz",
      "integrity": "sha512-o+NO+8WrRiQEE4/7nwRJhN1HWpVmJm511pBHUxPLtp0BUISzlBplORYSmTclCnJvQq2tKu/sgl3xVpkc7ZWuQQ==",
      "dev": true,
      "engines": {
        "node": ">=6"
      }
    },
    "node_modules/lodash": {
      "version": "4.17.23",
      "resolved": "https://registry.npmjs.org/lodash/-/lodash-4.17.23.tgz",
      "integrity": "sha512-LgVTMpQtIopCi79SJeDiP0TfWi5CNEc/L/aRdTh3yIvmZXTnheWpKjSZhnvMl8iXbC1tFg9gdHHDMLoV7CnG+w==",
      "dev": true,
      "license": "MIT"
    },
    "node_modules/lodash.get": {
      "version": "4.4.2",
      "resolved": "https://registry.npmjs.org/lodash.get/-/lodash.get-4.4.2.tgz",
      "integrity": "sha512-z+Uw/vLuy6gQe8cfaFWD7p0wVv8fJl3mbzXh33RS+0oW2wvUqiRXiQ69gLWSLpgB5/6sU+r6BlQR0MBILadqTQ==",
      "dev": true
    },
    "node_modules/log-update": {
      "version": "4.0.0",
      "resolved": "https://registry.npmjs.org/log-update/-/log-update-4.0.0.tgz",
      "integrity": "sha512-9fkkDevMefjg0mmzWFBW8YkFP91OrizzkW3diF7CpG+S2EYdy4+TVfGwz1zeF8x7hCx1ovSPTOE9Ngib74qqUg==",
      "dev": true,
      "dependencies": {
        "ansi-escapes": "^4.3.0",
        "cli-cursor": "^3.1.0",
        "slice-ansi": "^4.0.0",
        "wrap-ansi": "^6.2.0"
      },
      "engines": {
        "node": ">=10"
      },
      "funding": {
        "url": "https://github.com/sponsors/sindresorhus"
      }
    },
    "node_modules/mimic-fn": {
      "version": "2.1.0",
      "resolved": "https://registry.npmjs.org/mimic-fn/-/mimic-fn-2.1.0.tgz",
      "integrity": "sha512-OqbOk5oEQeAZ8WXWydlu9HJjz9WVdEIvamMCcXmuqUYjTknH/sqsWvhQ3vgwKFRR1HpjvNBKQ37nbJgYzGqGcg==",
      "dev": true,
      "engines": {
        "node": ">=6"
      }
    },
    "node_modules/onetime": {
      "version": "5.1.2",
      "resolved": "https://registry.npmjs.org/onetime/-/onetime-5.1.2.tgz",
      "integrity": "sha512-kbpaSSGJTWdAY5KPVeMOKXSrPtr8C8C7wodJbcsd51jRnmD+GZu8Y0VoU6Dm5Z4vWr0Ig/1NKuWRKf7j5aaYSg==",
      "dev": true,
      "dependencies": {
        "mimic-fn": "^2.1.0"
      },
      "engines": {
        "node": ">=6"
      },
      "funding": {
        "url": "https://github.com/sponsors/sindresorhus"
      }
    },
    "node_modules/platform": {
      "version": "1.3.6",
      "resolved": "https://registry.npmjs.org/platform/-/platform-1.3.6.tgz",
      "integrity": "sha512-fnWVljUchTro6RiCFvCXBbNhJc2NijN7oIQxbwsyL0buWJPG85v81ehlHI9fXrJsMNgTofEoWIQeClKpgxFLrg==",
      "dev": true
    },
    "node_modules/restore-cursor": {
      "version": "3.1.0",
      "resolved": "https://registry.npmjs.org/restore-cursor/-/restore-cursor-3.1.0.tgz",
      "integrity": "sha512-l+sSefzHpj5qimhFSE5a8nufZYAM3sBSVMAPtYkmC+4EH2anSGaEMXSD0izRQbu9nfyQ9y5JrVmp7E8oZrUjvA==",
      "dev": true,
      "dependencies": {
        "onetime": "^5.1.0",
        "signal-exit": "^3.0.2"
      },
      "engines": {
        "node": ">=8"
      }
    },
    "node_modules/signal-exit": {
      "version": "3.0.7",
      "resolved": "https://registry.npmjs.org/signal-exit/-/signal-exit-3.0.7.tgz",
      "integrity": "sha512-wnD2ZE+l+SPC/uoS0vXeE9L1+0wuaMqKlfz9AMUo38JsyLSBWSFcHR1Rri62LZc12vLr1gb3jl7iwQhgwpAbGQ==",
      "dev": true
    },
    "node_modules/slice-ansi": {
      "version": "4.0.0",
      "resolved": "https://registry.npmjs.org/slice-ansi/-/slice-ansi-4.0.0.tgz",
      "integrity": "sha512-qMCMfhY040cVHT43K9BFygqYbUPFZKHOg7K73mtTWJRb8pyP3fzf4Ixd5SzdEJQ6MRUg/WBnOLxghZtKKurENQ==",
      "dev": true,
      "dependencies": {
        "ansi-styles": "^4.0.0",
        "astral-regex": "^2.0.0",
        "is-fullwidth-code-point": "^3.0.0"
      },
      "engines": {
        "node": ">=10"
      },
      "funding": {
        "url": "https://github.com/chalk/slice-ansi?sponsor=1"
      }
    },
    "node_modules/string-width": {
      "version": "4.2.3",
      "resolved": "https://registry.npmjs.org/string-width/-/string-width-4.2.3.tgz",
      "integrity": "sha512-wKyQRQpjJ0sIp62ErSZdGsjMJWsap5oRNihHhu6G7JVO/9jIB6UyevL+tXuOqrng8j/cxKTWyWUwvSTriiZz/g==",
      "dev": true,
      "dependencies": {
        "emoji-regex": "^8.0.0",
        "is-fullwidth-code-point": "^3.0.0",
        "strip-ansi": "^6.0.1"
      },
      "engines": {
        "node": ">=8"
      }
    },
    "node_modules/strip-ansi": {
      "version": "6.0.1",
      "resolved": "https://registry.npmjs.org/strip-ansi/-/strip-ansi-6.0.1.tgz",
      "integrity": "sha512-Y38VPSHcqkFrCpFnQ9vuSXmquuv5oXOKpGeT6aGrr3o3Gc9AlVa6JBfUSOCnbxGGZF+/0ooI7KrPuUSztUdU5A==",
      "dev": true,
      "dependencies": {
        "ansi-regex": "^5.0.1"
      },
      "engines": {
        "node": ">=8"
      }
    },
    "node_modules/ts-pattern": {
      "version": "5.0.5",
      "resolved": "https://registry.npmjs.org/ts-pattern/-/ts-pattern-5.0.5.tgz",
      "integrity": "sha512-tL0w8U/pgaacOmkb9fRlYzWEUDCfVjjv9dD4wHTgZ61MjhuMt46VNWTG747NqW6vRzoWIKABVhFSOJ82FvXrfA==",
      "dev": true
    },
    "node_modules/type-fest": {
      "version": "0.21.3",
      "resolved": "https://registry.npmjs.org/type-fest/-/type-fest-0.21.3.tgz",
      "integrity": "sha512-t0rzBq87m3fVcduHDUFhKmyyX+9eo6WQjZvf51Ea/M0Q7+T374Jp1aUiyUl0GKxp8M/OETVHSDvmkyPgvX+X2w==",
      "dev": true,
      "engines": {
        "node": ">=10"
      },
      "funding": {
        "url": "https://github.com/sponsors/sindresorhus"
      }
    },
    "node_modules/universalify": {
      "version": "2.0.0",
      "resolved": "https://registry.npmjs.org/universalify/-/universalify-2.0.0.tgz",
      "integrity": "sha512-hAZsKq7Yy11Zu1DE0OzWjw7nnLZmJZYTDZZyEFHZdUhV8FkH5MCfoU1XMaxXovpyW5nq5scPqq0ZDP9Zyl04oQ==",
      "dev": true,
      "engines": {
        "node": ">= 10.0.0"
      }
    },
    "node_modules/wrap-ansi": {
      "version": "6.2.0",
      "resolved": "https://registry.npmjs.org/wrap-ansi/-/wrap-ansi-6.2.0.tgz",
      "integrity": "sha512-r6lPcBGxZXlIcymEu7InxDMhdW0KDxpLgoFLcguasxCaJ/SOIZwINatK9KY/tf+ZrlywOKU0UDj3ATXUBfxJXA==",
      "dev": true,
      "dependencies": {
        "ansi-styles": "^4.0.0",
        "string-width": "^4.1.0",
        "strip-ansi": "^6.0.0"
      },
      "engines": {
        "node": ">=8"
      }
    }
  }
}
