{
  "name": "ts-pattern-examples",
  "version": "1.0.0",
  "lockfileVersion": 2,
  "requires": true,
  "packages": {
    "": {
      "name": "ts-pattern-examples",
      "version": "1.0.0",
      "dependencies": {
        "ts-pattern": "^5.0.3"
      }
    },
    "node_modules/ts-pattern": {
      "version": "5.0.3",
      "resolved": "https://registry.npmjs.org/ts-pattern/-/ts-pattern-5.0.3.tgz",
      "integrity": "sha512-JMfGCcuRz0/efyv7vI71QgIp7en2n7KxQ/cFk9nlyo8eFFgsa6TEfbnKw3N5mLGo7Mf8oUwOyRpTEqXU0kuV+w=="
    }
  },
  "dependencies": {
    "ts-pattern": {
      "version": "5.0.3",
      "resolved": "https://registry.npmjs.org/ts-pattern/-/ts-pattern-5.0.3.tgz",
      "integrity": "sha512-JMfGCcuRz0/efyv7vI71QgIp7en2n7KxQ/cFk9nlyo8eFFgsa6TEfbnKw3N5mLGo7Mf8oUwOyRpTEqXU0kuV+w=="
    }
  }
}
